
Microsoft Visual Studio Solution File, Format Version 12.00
# Visual Studio Version 17
VisualStudioVersion = 17.13.35818.85 d17.13
MinimumVisualStudioVersion = 10.0.40219.1
Project("{FAE04EC0-301F-11D3-BF4B-00C04F79EFBC}") = "LeaveManagementSystem.Web", "LeaveManagementSystem.Web\LeaveManagementSystem.Web.csproj", "{A575BEFD-E2BB-4620-98E8-4874A42A385C}"
EndProject
Global
	GlobalSection(SolutionConfigurationPlatforms) = preSolution
		Debug|Any CPU = Debug|Any CPU
		Release|Any CPU = Release|Any CPU
	EndGlobalSection
	GlobalSection(ProjectConfigurationPlatforms) = postSolution
		{A575BEFD-E2BB-4620-98E8-4874A42A385C}.Debug|Any CPU.ActiveCfg = Debug|Any CPU
		{A575BEFD-E2BB-4620-98E8-4874A42A385C}.Debug|Any CPU.Build.0 = Debug|Any CPU
		{A575BEFD-E2BB-4620-98E8-4874A42A385C}.Release|Any CPU.ActiveCfg = Release|Any CPU
		{A575BEFD-E2BB-4620-98E8-4874A42A385C}.Release|Any CPU.Build.0 = Release|Any CPU
	EndGlobalSection
	GlobalSection(SolutionProperties) = preSolution
		HideSolutionNode = FALSE
	EndGlobalSection
	GlobalSection(ExtensibilityGlobals) = postSolution
		SolutionGuid = {6617EE5F-A200-40A5-BEFF-27EBDD836208}
	EndGlobalSection
EndGlobal
